// !$*UTF8*$!
{
	archiveVersion = 1;
	classes = {
	};
	objectVersion = 50;
	objects = {

/* Begin PBXBuildFile section */
		1C3DA45B262DA5600090D8E7 /* AppDelegate.swift in Sources */ = {isa = PBXBuildFile; fileRef = 1C3DA45A262DA5600090D8E7 /* AppDelegate.swift */; };
		1C3DA45D262DA5600090D8E7 /* SceneDelegate.swift in Sources */ = {isa = PBXBuildFile; fileRef = 1C3DA45C262DA5600090D8E7 /* SceneDelegate.swift */; };
		1C3DA45F262DA5600090D8E7 /* ContentView.swift in Sources */ = {isa = PBXBuildFile; fileRef = 1C3DA45E262DA5600090D8E7 /* ContentView.swift */; };
		1C3DA461262DA5670090D8E7 /* Assets.xcassets in Resources */ = {isa = PBXBuildFile; fileRef = 1C3DA460262DA5670090D8E7 /* Assets.xcassets */; };
		1C3DA464262DA5670090D8E7 /* Preview Assets.xcassets in Resources */ = {isa = PBXBuildFile; fileRef = 1C3DA463262DA5670090D8E7 /* Preview Assets.xcassets */; };
		1C3DA467262DA5670090D8E7 /* LaunchScreen.storyboard in Resources */ = {isa = PBXBuildFile; fileRef = 1C3DA465262DA5670090D8E7 /* LaunchScreen.storyboard */; };
		1C3DA471262DA5A50090D8E7 /* Model.xcdatamodeld in Sources */ = {isa = PBXBuildFile; fileRef = 1C3DA46F262DA5A50090D8E7 /* Model.xcdatamodeld */; };
		1C3DA474262DA6840090D8E7 /* StorageProvider.swift in Sources */ = {isa = PBXBuildFile; fileRef = 1C3DA473262DA6840090D8E7 /* StorageProvider.swift */; };
/* End PBXBuildFile section */

/* Begin PBXFileReference section */
		1C3DA457262DA5600090D8E7 /* PracticalCoreData2.app */ = {isa = PBXFileReference; explicitFileType = wrapper.application; includeInIndex = 0; path = PracticalCoreData2.app; sourceTree = BUILT_PRODUCTS_DIR; };
		1C3DA45A262DA5600090D8E7 /* AppDelegate.swift */ = {isa = PBXFileReference; lastKnownFileType = sourcecode.swift; path = AppDelegate.swift; sourceTree = "<group>"; };
		1C3DA45C262DA5600090D8E7 /* SceneDelegate.swift */ = {isa = PBXFileReference; lastKnownFileType = sourcecode.swift; path = SceneDelegate.swift; sourceTree = "<group>"; };
		1C3DA45E262DA5600090D8E7 /* ContentView.swift */ = {isa = PBXFileReference; lastKnownFileType = sourcecode.swift; path = ContentView.swift; sourceTree = "<group>"; };
		1C3DA460262DA5670090D8E7 /* Assets.xcassets */ = {isa = PBXFileReference; lastKnownFileType = folder.assetcatalog; path = Assets.xcassets; sourceTree = "<group>"; };
		1C3DA463262DA5670090D8E7 /* Preview Assets.xcassets */ = {isa = PBXFileReference; lastKnownFileType = folder.assetcatalog; path = "Preview Assets.xcassets"; sourceTree = "<group>"; };
		1C3DA466262DA5670090D8E7 /* Base */ = {isa = PBXFileReference; lastKnownFileType = file.storyboard; name = Base; path = Base.lproj/LaunchScreen.storyboard; sourceTree = "<group>"; };
		1C3DA468262DA5670090D8E7 /* Info.plist */ = {isa = PBXFileReference; lastKnownFileType = text.plist.xml; path = Info.plist; sourceTree = "<group>"; };
		1C3DA470262DA5A50090D8E7 /* Model.xcdatamodel */ = {isa = PBXFileReference; lastKnownFileType = wrapper.xcdatamodel; path = Model.xcdatamodel; sourceTree = "<group>"; };
		1C3DA473262DA6840090D8E7 /* StorageProvider.swift */ = {isa = PBXFileReference; lastKnownFileType = sourcecode.swift; path = StorageProvider.swift; sourceTree = "<group>"; };
/* End PBXFileReference section */

/* Begin PBXFrameworksBuildPhase section */
		1C3DA454262DA5600090D8E7 /* Frameworks */ = {
			isa = PBXFrameworksBuildPhase;
			buildActionMask = 2147483647;
			files = (
			);
			runOnlyForDeploymentPostprocessing = 0;
		};
/* End PBXFrameworksBuildPhase section */

/* Begin PBXGroup section */
		1C3DA44E262DA5600090D8E7 = {
			isa = PBXGroup;
			children = (
				1C3DA459262DA5600090D8E7 /* PracticalCoreData2 */,
				1C3DA458262DA5600090D8E7 /* Products */,
			);
			sourceTree = "<group>";
		};
		1C3DA458262DA5600090D8E7 /* Products */ = {
			isa = PBXGroup;
			children = (
				1C3DA457262DA5600090D8E7 /* PracticalCoreData2.app */,
			);
			name = Products;
			sourceTree = "<group>";
		};
		1C3DA459262DA5600090D8E7 /* PracticalCoreData2 */ = {
			isa = PBXGroup;
			children = (
				1C3DA45A262DA5600090D8E7 /* AppDelegate.swift */,
				1C3DA45C262DA5600090D8E7 /* SceneDelegate.swift */,
				1C3DA45E262DA5600090D8E7 /* ContentView.swift */,
				1C3DA46F262DA5A50090D8E7 /* Model.xcdatamodeld */,
				1C3DA473262DA6840090D8E7 /* StorageProvider.swift */,
				1C3DA460262DA5670090D8E7 /* Assets.xcassets */,
				1C3DA465262DA5670090D8E7 /* LaunchScreen.storyboard */,
				1C3DA468262DA5670090D8E7 /* Info.plist */,
				1C3DA462262DA5670090D8E7 /* Preview Content */,
			);
			path = PracticalCoreData2;
			sourceTree = "<group>";
		};
		1C3DA462262DA5670090D8E7 /* Preview Content */ = {
			isa = PBXGroup;
			children = (
				1C3DA463262DA5670090D8E7 /* Preview Assets.xcassets */,
			);
			path = "Preview Content";
			sourceTree = "<group>";
		};
/* End PBXGroup section */

/* Begin PBXNativeTarget section */
		1C3DA456262DA5600090D8E7 /* PracticalCoreData2 */ = {
			isa = PBXNativeTarget;
			buildConfigurationList = 1C3DA46B262DA5670090D8E7 /* Build configuration list for PBXNativeTarget "PracticalCoreData2" */;
			buildPhases = (
				1C3DA453262DA5600090D8E7 /* Sources */,
				1C3DA454262DA5600090D8E7 /* Frameworks */,
				1C3DA455262DA5600090D8E7 /* Resources */,
			);
			buildRules = (
			);
			dependencies = (
			);
			name = PracticalCoreData2;
			productName = PracticalCoreData2;
			productReference = 1C3DA457262DA5600090D8E7 /* PracticalCoreData2.app */;
			productType = "com.apple.product-type.application";
		};
/* End PBXNativeTarget section */

/* Begin PBXProject section */
		1C3DA44F262DA5600090D8E7 /* Project object */ = {
			isa = PBXProject;
			attributes = {
				LastSwiftUpdateCheck = 1240;
				LastUpgradeCheck = 1240;
				TargetAttributes = {
					1C3DA456262DA5600090D8E7 = {
						CreatedOnToolsVersion = 12.4;
					};
				};
			};
			buildConfigurationList = 1C3DA452262DA5600090D8E7 /* Build configuration list for PBXProject "PracticalCoreData2" */;
			compatibilityVersion = "Xcode 9.3";
			developmentRegion = en;
			hasScannedForEncodings = 0;
			knownRegions = (
				en,
				Base,
			);
			mainGroup = 1C3DA44E262DA5600090D8E7;
			productRefGroup = 1C3DA458262DA5600090D8E7 /* Products */;
			projectDirPath = "";
			projectRoot = "";
			targets = (
				1C3DA456262DA5600090D8E7 /* PracticalCoreData2 */,
			);
		};
/* End PBXProject section */

/* Begin PBXResourcesBuildPhase section */
		1C3DA455262DA5600090D8E7 /* Resources */ = {
			isa = PBXResourcesBuildPhase;
			buildActionMask = 2147483647;
			files = (
				1C3DA467262DA5670090D8E7 /* LaunchScreen.storyboard in Resources */,
				1C3DA464262DA5670090D8E7 /* Preview Assets.xcassets in Resources */,
				1C3DA461262DA5670090D8E7 /* Assets.xcassets in Resources */,
			);
			runOnlyForDeploymentPostprocessing = 0;
		};
/* End PBXResourcesBuildPhase section */

/* Begin PBXSourcesBuildPhase section */
		1C3DA453262DA5600090D8E7 /* Sources */ = {
			isa = PBXSourcesBuildPhase;
			buildActionMask = 2147483647;
			files = (
				1C3DA45B262DA5600090D8E7 /* AppDelegate.swift in Sources */,
				1C3DA45D262DA5600090D8E7 /* SceneDelegate.swift in Sources */,
				1C3DA45F262DA5600090D8E7 /* ContentView.swift in Sources */,
				1C3DA471262DA5A50090D8E7 /* Model.xcdatamodeld in Sources */,
				1C3DA474262DA6840090D8E7 /* StorageProvider.swift in Sources */,
			);
			runOnlyForDeploymentPostprocessing = 0;
		};
/* End PBXSourcesBuildPhase section */

/* Begin PBXVariantGroup section */
		1C3DA465262DA5670090D8E7 /* LaunchScreen.storyboard */ = {
			isa = PBXVariantGroup;
			children = (
				1C3DA466262DA5670090D8E7 /* Base */,
			);
			name = LaunchScreen.storyboard;
			sourceTree = "<group>";
		};
/* End PBXVariantGroup section */

/* Begin XCBuildConfiguration section */
		1C3DA469262DA5670090D8E7 /* Debug */ = {
			isa = XCBuildConfiguration;
			buildSettings = {
				ALWAYS_SEARCH_USER_PATHS = NO;
				CLANG_ANALYZER_NONNULL = YES;
				CLANG_ANALYZER_NUMBER_OBJECT_CONVERSION = YES_AGGRESSIVE;
				CLANG_CXX_LANGUAGE_STANDARD = "gnu++14";
				CLANG_CXX_LIBRARY = "libc++";
				CLANG_ENABLE_MODULES = YES;
				CLANG_ENABLE_OBJC_ARC = YES;
				CLANG_ENABLE_OBJC_WEAK = YES;
				CLANG_WARN_BLOCK_CAPTURE_AUTORELEASING = YES;
				CLANG_WARN_BOOL_CONVERSION = YES;
				CLANG_WARN_COMMA = YES;
				CLANG_WARN_CONSTANT_CONVERSION = YES;
				CLANG_WARN_DEPRECATED_OBJC_IMPLEMENTATIONS = YES;
				CLANG_WARN_DIRECT_OBJC_ISA_USAGE = YES_ERROR;
				CLANG_WARN_DOCUMENTATION_COMMENTS = YES;
				CLANG_WARN_EMPTY_BODY = YES;
				CLANG_WARN_ENUM_CONVERSION = YES;
				CLANG_WARN_INFINITE_RECURSION = YES;
				CLANG_WARN_INT_CONVERSION = YES;
				CLANG_WARN_NON_LITERAL_NULL_CONVERSION = YES;
				CLANG_WARN_OBJC_IMPLICIT_RETAIN_SELF = YES;
				CLANG_WARN_OBJC_LITERAL_CONVERSION = YES;
				CLANG_WARN_OBJC_ROOT_CLASS = YES_ERROR;
				CLANG_WARN_QUOTED_INCLUDE_IN_FRAMEWORK_HEADER = YES;
				CLANG_WARN_RANGE_LOOP_ANALYSIS = YES;
				CLANG_WARN_STRICT_PROTOTYPES = YES;
				CLANG_WARN_SUSPICIOUS_MOVE = YES;
				CLANG_WARN_UNGUARDED_AVAILABILITY = YES_AGGRESSIVE;
				CLANG_WARN_UNREACHABLE_CODE = YES;
				CLANG_WARN__DUPLICATE_METHOD_MATCH = YES;
				COPY_PHASE_STRIP = NO;
				DEBUG_INFORMATION_FORMAT = dwarf;
				ENABLE_STRICT_OBJC_MSGSEND = YES;
				ENABLE_TESTABILITY = YES;
				GCC_C_LANGUAGE_STANDARD = gnu11;
				GCC_DYNAMIC_NO_PIC = NO;
				GCC_NO_COMMON_BLOCKS = YES;
				GCC_OPTIMIZATION_LEVEL = 0;
				GCC_PREPROCESSOR_DEFINITIONS = (
					"DEBUG=1",
					"$(inherited)",
				);
				GCC_WARN_64_TO_32_BIT_CONVERSION = YES;
				GCC_WARN_ABOUT_RETURN_TYPE = YES_ERROR;
				GCC_WARN_UNDECLARED_SELECTOR = YES;
				GCC_WARN_UNINITIALIZED_AUTOS = YES_AGGRESSIVE;
				GCC_WARN_UNUSED_FUNCTION = YES;
				GCC_WARN_UNUSED_VARIABLE = YES;
				IPHONEOS_DEPLOYMENT_TARGET = 14.4;
				MTL_ENABLE_DEBUG_INFO = INCLUDE_SOURCE;
				MTL_FAST_MATH = YES;
				ONLY_ACTIVE_ARCH = YES;
				SDKROOT = iphoneos;
				SWIFT_ACTIVE_COMPILATION_CONDITIONS = DEBUG;
				SWIFT_OPTIMIZATION_LEVEL = "-Onone";
			};
			name = Debug;
		};
		1C3DA46A262DA5670090D8E7 /* Release */ = {
			isa = XCBuildConfiguration;
			buildSettings = {
				ALWAYS_SEARCH_USER_PATHS = NO;
				CLANG_ANALYZER_NONNULL = YES;
				CLANG_ANALYZER_NUMBER_OBJECT_CONVERSION = YES_AGGRESSIVE;
				CLANG_CXX_LANGUAGE_STANDARD = "gnu++14";
				CLANG_CXX_LIBRARY = "libc++";
				CLANG_ENABLE_MODULES = YES;
				CLANG_ENABLE_OBJC_ARC = YES;
				CLANG_ENABLE_OBJC_WEAK = YES;
				CLANG_WARN_BLOCK_CAPTURE_AUTORELEASING = YES;
				CLANG_WARN_BOOL_CONVERSION = YES;
				CLANG_WARN_COMMA = YES;
				CLANG_WARN_CONSTANT_CONVERSION = YES;
				CLANG_WARN_DEPRECATED_OBJC_IMPLEMENTATIONS = YES;
				CLANG_WARN_DIRECT_OBJC_ISA_USAGE = YES_ERROR;
				CLANG_WARN_DOCUMENTATION_COMMENTS = YES;
				CLANG_WARN_EMPTY_BODY = YES;
				CLANG_WARN_ENUM_CONVERSION = YES;
				CLANG_WARN_INFINITE_RECURSION = YES;
				CLANG_WARN_INT_CONVERSION = YES;
				CLANG_WARN_NON_LITERAL_NULL_CONVERSION = YES;
				CLANG_WARN_OBJC_IMPLICIT_RETAIN_SELF = YES;
				CLANG_WARN_OBJC_LITERAL_CONVERSION = YES;
				CLANG_WARN_OBJC_ROOT_CLASS = YES_ERROR;
				CLANG_WARN_QUOTED_INCLUDE_IN_FRAMEWORK_HEADER = YES;
				CLANG_WARN_RANGE_LOOP_ANALYSIS = YES;
				CLANG_WARN_STRICT_PROTOTYPES = YES;
				CLANG_WARN_SUSPICIOUS_MOVE = YES;
				CLANG_WARN_UNGUARDED_AVAILABILITY = YES_AGGRESSIVE;
				CLANG_WARN_UNREACHABLE_CODE = YES;
				CLANG_WARN__DUPLICATE_METHOD_MATCH = YES;
				COPY_PHASE_STRIP = NO;
				DEBUG_INFORMATION_FORMAT = "dwarf-with-dsym";
				ENABLE_NS_ASSERTIONS = NO;
				ENABLE_STRICT_OBJC_MSGSEND = YES;
				GCC_C_LANGUAGE_STANDARD = gnu11;
				GCC_NO_COMMON_BLOCKS = YES;
				GCC_WARN_64_TO_32_BIT_CONVERSION = YES;
				GCC_WARN_ABOUT_RETURN_TYPE = YES_ERROR;
				GCC_WARN_UNDECLARED_SELECTOR = YES;
				GCC_WARN_UNINITIALIZED_AUTOS = YES_AGGRESSIVE;
				GCC_WARN_UNUSED_FUNCTION = YES;
				GCC_WARN_UNUSED_VARIABLE = YES;
				IPHONEOS_DEPLOYMENT_TARGET = 14.4;
				MTL_ENABLE_DEBUG_INFO = NO;
				MTL_FAST_MATH = YES;
				SDKROOT = iphoneos;
				SWIFT_COMPILATION_MODE = wholemodule;
				SWIFT_OPTIMIZATION_LEVEL = "-O";
				VALIDATE_PRODUCT = YES;
			};
			name = Release;
		};
		1C3DA46C262DA5670090D8E7 /* Debug */ = {
			isa = XCBuildConfiguration;
			buildSettings = {
				ASSETCATALOG_COMPILER_APPICON_NAME = AppIcon;
				ASSETCATALOG_COMPILER_GLOBAL_ACCENT_COLOR_NAME = AccentColor;
				CODE_SIGN_STYLE = Automatic;
				DEVELOPMENT_ASSET_PATHS = "\"PracticalCoreData2/Preview Content\"";
				DEVELOPMENT_TEAM = HP6WDMAW63;
				ENABLE_PREVIEWS = YES;
				INFOPLIST_FILE = PracticalCoreData2/Info.plist;
				LD_RUNPATH_SEARCH_PATHS = (
					"$(inherited)",
					"@executable_path/Frameworks",
				);
				PRODUCT_BUNDLE_IDENTIFIER = com.sahil.satralkar.PracticalCoreData2;
				PRODUCT_NAME = "$(TARGET_NAME)";
				SWIFT_VERSION = 5.0;
				TARGETED_DEVICE_FAMILY = "1,2";
			};
			name = Debug;
		};
		1C3DA46D262DA5670090D8E7 /* Release */ = {
			isa = XCBuildConfiguration;
			buildSettings = {
				ASSETCATALOG_COMPILER_APPICON_NAME = AppIcon;
				ASSETCATALOG_COMPILER_GLOBAL_ACCENT_COLOR_NAME = AccentColor;
				CODE_SIGN_STYLE = Automatic;
				DEVELOPMENT_ASSET_PATHS = "\"PracticalCoreData2/Preview Content\"";
				DEVELOPMENT_TEAM = HP6WDMAW63;
				ENABLE_PREVIEWS = YES;
				INFOPLIST_FILE = PracticalCoreData2/Info.plist;
				LD_RUNPATH_SEARCH_PATHS = (
					"$(inherited)",
					"@executable_path/Frameworks",
				);
				PRODUCT_BUNDLE_IDENTIFIER = com.sahil.satralkar.PracticalCoreData2;
				PRODUCT_NAME = "$(TARGET_NAME)";
				SWIFT_VERSION = 5.0;
				TARGETED_DEVICE_FAMILY = "1,2";
			};
			name = Release;
		};
/* End XCBuildConfiguration section */

/* Begin XCConfigurationList section */
		1C3DA452262DA5600090D8E7 /* Build configuration list for PBXProject "PracticalCoreData2" */ = {
			isa = XCConfigurationList;
			buildConfigurations = (
				1C3DA469262DA5670090D8E7 /* Debug */,
				1C3DA46A262DA5670090D8E7 /* Release */,
			);
			defaultConfigurationIsVisible = 0;
			defaultConfigurationName = Release;
		};
		1C3DA46B262DA5670090D8E7 /* Build configuration list for PBXNativeTarget "PracticalCoreData2" */ = {
			isa = XCConfigurationList;
			buildConfigurations = (
				1C3DA46C262DA5670090D8E7 /* Debug */,
				1C3DA46D262DA5670090D8E7 /* Release */,
			);
			defaultConfigurationIsVisible = 0;
			defaultConfigurationName = Release;
		};
/* End XCConfigurationList section */

/* Begin XCVersionGroup section */
		1C3DA46F262DA5A50090D8E7 /* Model.xcdatamodeld */ = {
			isa = XCVersionGroup;
			children = (
				1C3DA470262DA5A50090D8E7 /* Model.xcdatamodel */,
			);
			currentVersion = 1C3DA470262DA5A50090D8E7 /* Model.xcdatamodel */;
			path = Model.xcdatamodeld;
			sourceTree = "<group>";
			versionGroupType = wrapper.xcdatamodel;
		};
/* End XCVersionGroup section */
	};
	rootObject = 1C3DA44F262DA5600090D8E7 /* Project object */;
}
